// !$*UTF8*$!
{
	archiveVersion = 1;
	classes = {
	};
	objectVersion = 46;
	objects = {

/* Begin PBXBuildFile section */
		187375461F0BD9D500CEAEE6 /* main.m in Sources */ = {isa = PBXBuildFile; fileRef = 187375451F0BD9D500CEAEE6 /* main.m */; };
		187375491F0BD9D500CEAEE6 /* AppDelegate.m in Sources */ = {isa = PBXBuildFile; fileRef = 187375481F0BD9D500CEAEE6 /* AppDelegate.m */; };
		1873754C1F0BD9D500CEAEE6 /* ViewController.m in Sources */ = {isa = PBXBuildFile; fileRef = 1873754B1F0BD9D500CEAEE6 /* ViewController.m */; };
		1873754F1F0BD9D500CEAEE6 /* Main.storyboard in Resources */ = {isa = PBXBuildFile; fileRef = 1873754D1F0BD9D500CEAEE6 /* Main.storyboard */; };
		187375511F0BD9D500CEAEE6 /* Assets.xcassets in Resources */ = {isa = PBXBuildFile; fileRef = 187375501F0BD9D500CEAEE6 /* Assets.xcassets */; };
		187375541F0BD9D500CEAEE6 /* LaunchScreen.storyboard in Resources */ = {isa = PBXBuildFile; fileRef = 187375521F0BD9D500CEAEE6 /* LaunchScreen.storyboard */; };
		1873755F1F0BD9D500CEAEE6 /* LFY_ShareMenuView_DemoTests.m in Sources */ = {isa = PBXBuildFile; fileRef = 1873755E1F0BD9D500CEAEE6 /* LFY_ShareMenuView_DemoTests.m */; };
		1873756A1F0BD9D500CEAEE6 /* LFY_ShareMenuView_DemoUITests.m in Sources */ = {isa = PBXBuildFile; fileRef = 187375691F0BD9D500CEAEE6 /* LFY_ShareMenuView_DemoUITests.m */; };
		1873757A1F0BDA2800CEAEE6 /* ShareMenuView.m in Sources */ = {isa = PBXBuildFile; fileRef = 187375791F0BDA2800CEAEE6 /* ShareMenuView.m */; };
		38F1826B25BA93024A6A7FB7 /* libPods-LFY_ShareMenuView_Demo.a in Frameworks */ = {isa = PBXBuildFile; fileRef = 08201A3542EDDCED13DAB369 /* libPods-LFY_ShareMenuView_Demo.a */; };
/* End PBXBuildFile section */

/* Begin PBXContainerItemProxy section */
		1873755B1F0BD9D500CEAEE6 /* PBXContainerItemProxy */ = {
			isa = PBXContainerItemProxy;
			containerPortal = 187375391F0BD9D500CEAEE6 /* Project object */;
			proxyType = 1;
			remoteGlobalIDString = 187375401F0BD9D500CEAEE6;
			remoteInfo = LFY_ShareMenuView_Demo;
		};
		187375661F0BD9D500CEAEE6 /* PBXContainerItemProxy */ = {
			isa = PBXContainerItemProxy;
			containerPortal = 187375391F0BD9D500CEAEE6 /* Project object */;
			proxyType = 1;
			remoteGlobalIDString = 187375401F0BD9D500CEAEE6;
			remoteInfo = LFY_ShareMenuView_Demo;
		};
/* End PBXContainerItemProxy section */

/* Begin PBXFileReference section */
		08201A3542EDDCED13DAB369 /* libPods-LFY_ShareMenuView_Demo.a */ = {isa = PBXFileReference; explicitFileType = archive.ar; includeInIndex = 0; path = "libPods-LFY_ShareMenuView_Demo.a"; sourceTree = BUILT_PRODUCTS_DIR; };
		187375411F0BD9D500CEAEE6 /* LFY_ShareMenuView_Demo.app */ = {isa = PBXFileReference; explicitFileType = wrapper.application; includeInIndex = 0; path = LFY_ShareMenuView_Demo.app; sourceTree = BUILT_PRODUCTS_DIR; };
		187375451F0BD9D500CEAEE6 /* main.m */ = {isa = PBXFileReference; lastKnownFileType = sourcecode.c.objc; path = main.m; sourceTree = "<group>"; };
		187375471F0BD9D500CEAEE6 /* AppDelegate.h */ = {isa = PBXFileReference; lastKnownFileType = sourcecode.c.h; path = AppDelegate.h; sourceTree = "<group>"; };
		187375481F0BD9D500CEAEE6 /* AppDelegate.m */ = {isa = PBXFileReference; lastKnownFileType = sourcecode.c.objc; path = AppDelegate.m; sourceTree = "<group>"; };
		1873754A1F0BD9D500CEAEE6 /* ViewController.h */ = {isa = PBXFileReference; lastKnownFileType = sourcecode.c.h; path = ViewController.h; sourceTree = "<group>"; };
		1873754B1F0BD9D500CEAEE6 /* ViewController.m */ = {isa = PBXFileReference; lastKnownFileType = sourcecode.c.objc; path = ViewController.m; sourceTree = "<group>"; };
		1873754E1F0BD9D500CEAEE6 /* Base */ = {isa = PBXFileReference; lastKnownFileType = file.storyboard; name = Base; path = Base.lproj/Main.storyboard; sourceTree = "<group>"; };
		187375501F0BD9D500CEAEE6 /* Assets.xcassets */ = {isa = PBXFileReference; lastKnownFileType = folder.assetcatalog; path = Assets.xcassets; sourceTree = "<group>"; };
		187375531F0BD9D500CEAEE6 /* Base */ = {isa = PBXFileReference; lastKnownFileType = file.storyboard; name = Base; path = Base.lproj/LaunchScreen.storyboard; sourceTree = "<group>"; };
		187375551F0BD9D500CEAEE6 /* Info.plist */ = {isa = PBXFileReference; lastKnownFileType = text.plist.xml; path = Info.plist; sourceTree = "<group>"; };
		1873755A1F0BD9D500CEAEE6 /* LFY_ShareMenuView_DemoTests.xctest */ = {isa = PBXFileReference; explicitFileType = wrapper.cfbundle; includeInIndex = 0; path = LFY_ShareMenuView_DemoTests.xctest; sourceTree = BUILT_PRODUCTS_DIR; };
		1873755E1F0BD9D500CEAEE6 /* LFY_ShareMenuView_DemoTests.m */ = {isa = PBXFileReference; lastKnownFileType = sourcecode.c.objc; path = LFY_ShareMenuView_DemoTests.m; sourceTree = "<group>"; };
		187375601F0BD9D500CEAEE6 /* Info.plist */ = {isa = PBXFileReference; lastKnownFileType = text.plist.xml; path = Info.plist; sourceTree = "<group>"; };
		187375651F0BD9D500CEAEE6 /* LFY_ShareMenuView_DemoUITests.xctest */ = {isa = PBXFileReference; explicitFileType = wrapper.cfbundle; includeInIndex = 0; path = LFY_ShareMenuView_DemoUITests.xctest; sourceTree = BUILT_PRODUCTS_DIR; };
		187375691F0BD9D500CEAEE6 /* LFY_ShareMenuView_DemoUITests.m */ = {isa = PBXFileReference; lastKnownFileType = sourcecode.c.objc; path = LFY_ShareMenuView_DemoUITests.m; sourceTree = "<group>"; };
		1873756B1F0BD9D500CEAEE6 /* Info.plist */ = {isa = PBXFileReference; lastKnownFileType = text.plist.xml; path = Info.plist; sourceTree = "<group>"; };
		187375781F0BDA2800CEAEE6 /* ShareMenuView.h */ = {isa = PBXFileReference; fileEncoding = 4; lastKnownFileType = sourcecode.c.h; path = ShareMenuView.h; sourceTree = "<group>"; };
		187375791F0BDA2800CEAEE6 /* ShareMenuView.m */ = {isa = PBXFileReference; fileEncoding = 4; lastKnownFileType = sourcecode.c.objc; path = ShareMenuView.m; sourceTree = "<group>"; };
		4945D8A7B7A692159C26FA85 /* Pods-LFY_ShareMenuView_Demo.release.xcconfig */ = {isa = PBXFileReference; includeInIndex = 1; lastKnownFileType = text.xcconfig; name = "Pods-LFY_ShareMenuView_Demo.release.xcconfig"; path = "Pods/Target Support Files/Pods-LFY_ShareMenuView_Demo/Pods-LFY_ShareMenuView_Demo.release.xcconfig"; sourceTree = "<group>"; };
		C1470FD07B2080A28EEFA709 /* Pods-LFY_ShareMenuView_Demo.debug.xcconfig */ = {isa = PBXFileReference; includeInIndex = 1; lastKnownFileType = text.xcconfig; name = "Pods-LFY_ShareMenuView_Demo.debug.xcconfig"; path = "Pods/Target Support Files/Pods-LFY_ShareMenuView_Demo/Pods-LFY_ShareMenuView_Demo.debug.xcconfig"; sourceTree = "<group>"; };
/* End PBXFileReference section */

/* Begin PBXFrameworksBuildPhase section */
		1873753E1F0BD9D500CEAEE6 /* Frameworks */ = {
			isa = PBXFrameworksBuildPhase;
			buildActionMask = 2147483647;
			files = (
				38F1826B25BA93024A6A7FB7 /* libPods-LFY_ShareMenuView_Demo.a in Frameworks */,
			);
			runOnlyForDeploymentPostprocessing = 0;
		};
		187375571F0BD9D500CEAEE6 /* Frameworks */ = {
			isa = PBXFrameworksBuildPhase;
			buildActionMask = 2147483647;
			files = (
			);
			runOnlyForDeploymentPostprocessing = 0;
		};
		187375621F0BD9D500CEAEE6 /* Frameworks */ = {
			isa = PBXFrameworksBuildPhase;
			buildActionMask = 2147483647;
			files = (
			);
			runOnlyForDeploymentPostprocessing = 0;
		};
/* End PBXFrameworksBuildPhase section */

/* Begin PBXGroup section */
		187375381F0BD9D500CEAEE6 = {
			isa = PBXGroup;
			children = (
				187375431F0BD9D500CEAEE6 /* LFY_ShareMenuView_Demo */,
				1873755D1F0BD9D500CEAEE6 /* LFY_ShareMenuView_DemoTests */,
				187375681F0BD9D500CEAEE6 /* LFY_ShareMenuView_DemoUITests */,
				187375421F0BD9D500CEAEE6 /* Products */,
				A45216DA4836B516C6B45239 /* Pods */,
				1D9D0769A28C2823EA4E50AF /* Frameworks */,
			);
			sourceTree = "<group>";
		};
		187375421F0BD9D500CEAEE6 /* Products */ = {
			isa = PBXGroup;
			children = (
				187375411F0BD9D500CEAEE6 /* LFY_ShareMenuView_Demo.app */,
				1873755A1F0BD9D500CEAEE6 /* LFY_ShareMenuView_DemoTests.xctest */,
				187375651F0BD9D500CEAEE6 /* LFY_ShareMenuView_DemoUITests.xctest */,
			);
			name = Products;
			sourceTree = "<group>";
		};
		187375431F0BD9D500CEAEE6 /* LFY_ShareMenuView_Demo */ = {
			isa = PBXGroup;
			children = (
				187375771F0BDA1600CEAEE6 /* ShareMenuView */,
				187375471F0BD9D500CEAEE6 /* AppDelegate.h */,
				187375481F0BD9D500CEAEE6 /* AppDelegate.m */,
				1873754A1F0BD9D500CEAEE6 /* ViewController.h */,
				1873754B1F0BD9D500CEAEE6 /* ViewController.m */,
				1873754D1F0BD9D500CEAEE6 /* Main.storyboard */,
				187375501F0BD9D500CEAEE6 /* Assets.xcassets */,
				187375521F0BD9D500CEAEE6 /* LaunchScreen.storyboard */,
				187375551F0BD9D500CEAEE6 /* Info.plist */,
				187375441F0BD9D500CEAEE6 /* Supporting Files */,
			);
			path = LFY_ShareMenuView_Demo;
			sourceTree = "<group>";
		};
		187375441F0BD9D500CEAEE6 /* Supporting Files */ = {
			isa = PBXGroup;
			children = (
				187375451F0BD9D500CEAEE6 /* main.m */,
			);
			name = "Supporting Files";
			sourceTree = "<group>";
		};
		1873755D1F0BD9D500CEAEE6 /* LFY_ShareMenuView_DemoTests */ = {
			isa = PBXGroup;
			children = (
				1873755E1F0BD9D500CEAEE6 /* LFY_ShareMenuView_DemoTests.m */,
				187375601F0BD9D500CEAEE6 /* Info.plist */,
			);
			path = LFY_ShareMenuView_DemoTests;
			sourceTree = "<group>";
		};
		187375681F0BD9D500CEAEE6 /* LFY_ShareMenuView_DemoUITests */ = {
			isa = PBXGroup;
			children = (
				187375691F0BD9D500CEAEE6 /* LFY_ShareMenuView_DemoUITests.m */,
				1873756B1F0BD9D500CEAEE6 /* Info.plist */,
			);
			path = LFY_ShareMenuView_DemoUITests;
			sourceTree = "<group>";
		};
		187375771F0BDA1600CEAEE6 /* ShareMenuView */ = {
			isa = PBXGroup;
			children = (
				187375781F0BDA2800CEAEE6 /* ShareMenuView.h */,
				187375791F0BDA2800CEAEE6 /* ShareMenuView.m */,
			);
			path = ShareMenuView;
			sourceTree = "<group>";
		};
		1D9D0769A28C2823EA4E50AF /* Frameworks */ = {
			isa = PBXGroup;
			children = (
				08201A3542EDDCED13DAB369 /* libPods-LFY_ShareMenuView_Demo.a */,
			);
			name = Frameworks;
			sourceTree = "<group>";
		};
		A45216DA4836B516C6B45239 /* Pods */ = {
			isa = PBXGroup;
			children = (
				C1470FD07B2080A28EEFA709 /* Pods-LFY_ShareMenuView_Demo.debug.xcconfig */,
				4945D8A7B7A692159C26FA85 /* Pods-LFY_ShareMenuView_Demo.release.xcconfig */,
			);
			name = Pods;
			sourceTree = "<group>";
		};
/* End PBXGroup section */

/* Begin PBXNativeTarget section */
		187375401F0BD9D500CEAEE6 /* LFY_ShareMenuView_Demo */ = {
			isa = PBXNativeTarget;
			buildConfigurationList = 1873756E1F0BD9D500CEAEE6 /* Build configuration list for PBXNativeTarget "LFY_ShareMenuView_Demo" */;
			buildPhases = (
				EE0BB166172BBD53A1A0A8E2 /* [CP] Check Pods Manifest.lock */,
				1873753D1F0BD9D500CEAEE6 /* Sources */,
				1873753E1F0BD9D500CEAEE6 /* Frameworks */,
				1873753F1F0BD9D500CEAEE6 /* Resources */,
				715001E8B24CDD39E9AB84A5 /* [CP] Embed Pods Frameworks */,
				5F66BDBAD5CC1905A5E89033 /* [CP] Copy Pods Resources */,
			);
			buildRules = (
			);
			dependencies = (
			);
			name = LFY_ShareMenuView_Demo;
			productName = LFY_ShareMenuView_Demo;
			productReference = 187375411F0BD9D500CEAEE6 /* LFY_ShareMenuView_Demo.app */;
			productType = "com.apple.product-type.application";
		};
		187375591F0BD9D500CEAEE6 /* LFY_ShareMenuView_DemoTests */ = {
			isa = PBXNativeTarget;
			buildConfigurationList = 187375711F0BD9D500CEAEE6 /* Build configuration list for PBXNativeTarget "LFY_ShareMenuView_DemoTests" */;
			buildPhases = (
				187375561F0BD9D500CEAEE6 /* Sources */,
				187375571F0BD9D500CEAEE6 /* Frameworks */,
				187375581F0BD9D500CEAEE6 /* Resources */,
			);
			buildRules = (
			);
			dependencies = (
				1873755C1F0BD9D500CEAEE6 /* PBXTargetDependency */,
			);
			name = LFY_ShareMenuView_DemoTests;
			productName = LFY_ShareMenuView_DemoTests;
			productReference = 1873755A1F0BD9D500CEAEE6 /* LFY_ShareMenuView_DemoTests.xctest */;
			productType = "com.apple.product-type.bundle.unit-test";
		};
		187375641F0BD9D500CEAEE6 /* LFY_ShareMenuView_DemoUITests */ = {
			isa = PBXNativeTarget;
			buildConfigurationList = 187375741F0BD9D500CEAEE6 /* Build configuration list for PBXNativeTarget "LFY_ShareMenuView_DemoUITests" */;
			buildPhases = (
				187375611F0BD9D500CEAEE6 /* Sources */,
				187375621F0BD9D500CEAEE6 /* Frameworks */,
				187375631F0BD9D500CEAEE6 /* Resources */,
			);
			buildRules = (
			);
			dependencies = (
				187375671F0BD9D500CEAEE6 /* PBXTargetDependency */,
			);
			name = LFY_ShareMenuView_DemoUITests;
			productName = LFY_ShareMenuView_DemoUITests;
			productReference = 187375651F0BD9D500CEAEE6 /* LFY_ShareMenuView_DemoUITests.xctest */;
			productType = "com.apple.product-type.bundle.ui-testing";
		};
/* End PBXNativeTarget section */

/* Begin PBXProject section */
		187375391F0BD9D500CEAEE6 /* Project object */ = {
			isa = PBXProject;
			attributes = {
				LastUpgradeCheck = 0820;
				ORGANIZATIONNAME = com.cooper.dtag;
				TargetAttributes = {
					187375401F0BD9D500CEAEE6 = {
						CreatedOnToolsVersion = 8.2.1;
						DevelopmentTeam = F5XBCM7QUZ;
						ProvisioningStyle = Automatic;
					};
					187375591F0BD9D500CEAEE6 = {
						CreatedOnToolsVersion = 8.2.1;
						ProvisioningStyle = Automatic;
						TestTargetID = 187375401F0BD9D500CEAEE6;
					};
					187375641F0BD9D500CEAEE6 = {
						CreatedOnToolsVersion = 8.2.1;
						ProvisioningStyle = Automatic;
						TestTargetID = 187375401F0BD9D500CEAEE6;
					};
				};
			};
			buildConfigurationList = 1873753C1F0BD9D500CEAEE6 /* Build configuration list for PBXProject "LFY_ShareMenuView_Demo" */;
			compatibilityVersion = "Xcode 3.2";
			developmentRegion = English;
			hasScannedForEncodings = 0;
			knownRegions = (
				en,
				Base,
			);
			mainGroup = 187375381F0BD9D500CEAEE6;
			productRefGroup = 187375421F0BD9D500CEAEE6 /* Products */;
			projectDirPath = "";
			projectRoot = "";
			targets = (
				187375401F0BD9D500CEAEE6 /* LFY_ShareMenuView_Demo */,
				187375591F0BD9D500CEAEE6 /* LFY_ShareMenuView_DemoTests */,
				187375641F0BD9D500CEAEE6 /* LFY_ShareMenuView_DemoUITests */,
			);
		};
/* End PBXProject section */

/* Begin PBXResourcesBuildPhase section */
		1873753F1F0BD9D500CEAEE6 /* Resources */ = {
			isa = PBXResourcesBuildPhase;
			buildActionMask = 2147483647;
			files = (
				187375541F0BD9D500CEAEE6 /* LaunchScreen.storyboard in Resources */,
				187375511F0BD9D500CEAEE6 /* Assets.xcassets in Resources */,
				1873754F1F0BD9D500CEAEE6 /* Main.storyboard in Resources */,
			);
			runOnlyForDeploymentPostprocessing = 0;
		};
		187375581F0BD9D500CEAEE6 /* Resources */ = {
			isa = PBXResourcesBuildPhase;
			buildActionMask = 2147483647;
			files = (
			);
			runOnlyForDeploymentPostprocessing = 0;
		};
		187375631F0BD9D500CEAEE6 /* Resources */ = {
			isa = PBXResourcesBuildPhase;
			buildActionMask = 2147483647;
			files = (
			);
			runOnlyForDeploymentPostprocessing = 0;
		};
/* End PBXResourcesBuildPhase section */

/* Begin PBXShellScriptBuildPhase section */
		5F66BDBAD5CC1905A5E89033 /* [CP] Copy Pods Resources */ = {
			isa = PBXShellScriptBuildPhase;
			buildActionMask = 2147483647;
			files = (
			);
			inputPaths = (
			);
			name = "[CP] Copy Pods Resources";
			outputPaths = (
			);
			runOnlyForDeploymentPostprocessing = 0;
			shellPath = /bin/sh;
			shellScript = "\"${SRCROOT}/Pods/Target Support Files/Pods-LFY_ShareMenuView_Demo/Pods-LFY_ShareMenuView_Demo-resources.sh\"\n";
			showEnvVarsInLog = 0;
		};
		715001E8B24CDD39E9AB84A5 /* [CP] Embed Pods Frameworks */ = {
			isa = PBXShellScriptBuildPhase;
			buildActionMask = 2147483647;
			files = (
			);
			inputPaths = (
			);
			name = "[CP] Embed Pods Frameworks";
			outputPaths = (
			);
			runOnlyForDeploymentPostprocessing = 0;
			shellPath = /bin/sh;
			shellScript = "\"${SRCROOT}/Pods/Target Support Files/Pods-LFY_ShareMenuView_Demo/Pods-LFY_ShareMenuView_Demo-frameworks.sh\"\n";
			showEnvVarsInLog = 0;
		};
		EE0BB166172BBD53A1A0A8E2 /* [CP] Check Pods Manifest.lock */ = {
			isa = PBXShellScriptBuildPhase;
			buildActionMask = 2147483647;
			files = (
			);
			inputPaths = (
			);
			name = "[CP] Check Pods Manifest.lock";
			outputPaths = (
			);
			runOnlyForDeploymentPostprocessing = 0;
			shellPath = /bin/sh;
			shellScript = "diff \"${PODS_PODFILE_DIR_PATH}/Podfile.lock\" \"${PODS_ROOT}/Manifest.lock\" > /dev/null\nif [ $? != 0 ] ; then\n    # print error to STDERR\n    echo \"error: The sandbox is not in sync with the Podfile.lock. Run 'pod install' or update your CocoaPods installation.\" >&2\n    exit 1\nfi\n";
			showEnvVarsInLog = 0;
		};
/* End PBXShellScriptBuildPhase section */

/* Begin PBXSourcesBuildPhase section */
		1873753D1F0BD9D500CEAEE6 /* Sources */ = {
			isa = PBXSourcesBuildPhase;
			buildActionMask = 2147483647;
			files = (
				1873754C1F0BD9D500CEAEE6 /* ViewController.m in Sources */,
				1873757A1F0BDA2800CEAEE6 /* ShareMenuView.m in Sources */,
				187375491F0BD9D500CEAEE6 /* AppDelegate.m in Sources */,
				187375461F0BD9D500CEAEE6 /* main.m in Sources */,
			);
			runOnlyForDeploymentPostprocessing = 0;
		};
		187375561F0BD9D500CEAEE6 /* Sources */ = {
			isa = PBXSourcesBuildPhase;
			buildActionMask = 2147483647;
			files = (
				1873755F1F0BD9D500CEAEE6 /* LFY_ShareMenuView_DemoTests.m in Sources */,
			);
			runOnlyForDeploymentPostprocessing = 0;
		};
		187375611F0BD9D500CEAEE6 /* Sources */ = {
			isa = PBXSourcesBuildPhase;
			buildActionMask = 2147483647;
			files = (
				1873756A1F0BD9D500CEAEE6 /* LFY_ShareMenuView_DemoUITests.m in Sources */,
			);
			runOnlyForDeploymentPostprocessing = 0;
		};
/* End PBXSourcesBuildPhase section */

/* Begin PBXTargetDependency section */
		1873755C1F0BD9D500CEAEE6 /* PBXTargetDependency */ = {
			isa = PBXTargetDependency;
			target = 187375401F0BD9D500CEAEE6 /* LFY_ShareMenuView_Demo */;
			targetProxy = 1873755B1F0BD9D500CEAEE6 /* PBXContainerItemProxy */;
		};
		187375671F0BD9D500CEAEE6 /* PBXTargetDependency */ = {
			isa = PBXTargetDependency;
			target = 187375401F0BD9D500CEAEE6 /* LFY_ShareMenuView_Demo */;
			targetProxy = 187375661F0BD9D500CEAEE6 /* PBXContainerItemProxy */;
		};
/* End PBXTargetDependency section */

/* Begin PBXVariantGroup section */
		1873754D1F0BD9D500CEAEE6 /* Main.storyboard */ = {
			isa = PBXVariantGroup;
			children = (
				1873754E1F0BD9D500CEAEE6 /* Base */,
			);
			name = Main.storyboard;
			sourceTree = "<group>";
		};
		187375521F0BD9D500CEAEE6 /* LaunchScreen.storyboard */ = {
			isa = PBXVariantGroup;
			children = (
				187375531F0BD9D500CEAEE6 /* Base */,
			);
			name = LaunchScreen.storyboard;
			sourceTree = "<group>";
		};
/* End PBXVariantGroup section */

/* Begin XCBuildConfiguration section */
		1873756C1F0BD9D500CEAEE6 /* Debug */ = {
			isa = XCBuildConfiguration;
			buildSettings = {
				ALWAYS_SEARCH_USER_PATHS = NO;
				CLANG_ANALYZER_NONNULL = YES;
				CLANG_CXX_LANGUAGE_STANDARD = "gnu++0x";
				CLANG_CXX_LIBRARY = "libc++";
				CLANG_ENABLE_MODULES = YES;
				CLANG_ENABLE_OBJC_ARC = YES;
				CLANG_WARN_BOOL_CONVERSION = YES;
				CLANG_WARN_CONSTANT_CONVERSION = YES;
				CLANG_WARN_DIRECT_OBJC_ISA_USAGE = YES_ERROR;
				CLANG_WARN_DOCUMENTATION_COMMENTS = YES;
				CLANG_WARN_EMPTY_BODY = YES;
				CLANG_WARN_ENUM_CONVERSION = YES;
				CLANG_WARN_INFINITE_RECURSION = YES;
				CLANG_WARN_INT_CONVERSION = YES;
				CLANG_WARN_OBJC_ROOT_CLASS = YES_ERROR;
				CLANG_WARN_SUSPICIOUS_MOVE = YES;
				CLANG_WARN_UNREACHABLE_CODE = YES;
				CLANG_WARN__DUPLICATE_METHOD_MATCH = YES;
				"CODE_SIGN_IDENTITY[sdk=iphoneos*]" = "iPhone Developer";
				COPY_PHASE_STRIP = NO;
				DEBUG_INFORMATION_FORMAT = dwarf;
				ENABLE_STRICT_OBJC_MSGSEND = YES;
				ENABLE_TESTABILITY = YES;
				GCC_C_LANGUAGE_STANDARD = gnu99;
				GCC_DYNAMIC_NO_PIC = NO;
				GCC_NO_COMMON_BLOCKS = YES;
				GCC_OPTIMIZATION_LEVEL = 0;
				GCC_PREPROCESSOR_DEFINITIONS = (
					"DEBUG=1",
					"$(inherited)",
				);
				GCC_WARN_64_TO_32_BIT_CONVERSION = YES;
				GCC_WARN_ABOUT_RETURN_TYPE = YES_ERROR;
				GCC_WARN_UNDECLARED_SELECTOR = YES;
				GCC_WARN_UNINITIALIZED_AUTOS = YES_AGGRESSIVE;
				GCC_WARN_UNUSED_FUNCTION = YES;
				GCC_WARN_UNUSED_VARIABLE = YES;
				IPHONEOS_DEPLOYMENT_TARGET = 10.2;
				MTL_ENABLE_DEBUG_INFO = YES;
				ONLY_ACTIVE_ARCH = YES;
				SDKROOT = iphoneos;
			};
			name = Debug;
		};
		1873756D1F0BD9D500CEAEE6 /* Release */ = {
			isa = XCBuildConfiguration;
			buildSettings = {
				ALWAYS_SEARCH_USER_PATHS = NO;
				CLANG_ANALYZER_NONNULL = YES;
				CLANG_CXX_LANGUAGE_STANDARD = "gnu++0x";
				CLANG_CXX_LIBRARY = "libc++";
				CLANG_ENABLE_MODULES = YES;
				CLANG_ENABLE_OBJC_ARC = YES;
				CLANG_WARN_BOOL_CONVERSION = YES;
				CLANG_WARN_CONSTANT_CONVERSION = YES;
				CLANG_WARN_DIRECT_OBJC_ISA_USAGE = YES_ERROR;
				CLANG_WARN_DOCUMENTATION_COMMENTS = YES;
				CLANG_WARN_EMPTY_BODY = YES;
				CLANG_WARN_ENUM_CONVERSION = YES;
				CLANG_WARN_INFINITE_RECURSION = YES;
				CLANG_WARN_INT_CONVERSION = YES;
				CLANG_WARN_OBJC_ROOT_CLASS = YES_ERROR;
				CLANG_WARN_SUSPICIOUS_MOVE = YES;
				CLANG_WARN_UNREACHABLE_CODE = YES;
				CLANG_WARN__DUPLICATE_METHOD_MATCH = YES;
				"CODE_SIGN_IDENTITY[sdk=iphoneos*]" = "iPhone Developer";
				COPY_PHASE_STRIP = NO;
				DEBUG_INFORMATION_FORMAT = "dwarf-with-dsym";
				ENABLE_NS_ASSERTIONS = NO;
				ENABLE_STRICT_OBJC_MSGSEND = YES;
				GCC_C_LANGUAGE_STANDARD = gnu99;
				GCC_NO_COMMON_BLOCKS = YES;
				GCC_WARN_64_TO_32_BIT_CONVERSION = YES;
				GCC_WARN_ABOUT_RETURN_TYPE = YES_ERROR;
				GCC_WARN_UNDECLARED_SELECTOR = YES;
				GCC_WARN_UNINITIALIZED_AUTOS = YES_AGGRESSIVE;
				GCC_WARN_UNUSED_FUNCTION = YES;
				GCC_WARN_UNUSED_VARIABLE = YES;
				IPHONEOS_DEPLOYMENT_TARGET = 10.2;
				MTL_ENABLE_DEBUG_INFO = NO;
				SDKROOT = iphoneos;
				VALIDATE_PRODUCT = YES;
			};
			name = Release;
		};
		1873756F1F0BD9D500CEAEE6 /* Debug */ = {
			isa = XCBuildConfiguration;
			baseConfigurationReference = C1470FD07B2080A28EEFA709 /* Pods-LFY_ShareMenuView_Demo.debug.xcconfig */;
			buildSettings = {
				ASSETCATALOG_COMPILER_APPICON_NAME = AppIcon;
				DEVELOPMENT_TEAM = F5XBCM7QUZ;
				INFOPLIST_FILE = LFY_ShareMenuView_Demo/Info.plist;
				LD_RUNPATH_SEARCH_PATHS = "$(inherited) @executable_path/Frameworks";
				PRODUCT_BUNDLE_IDENTIFIER = "com.cooper.dtag.LFY-ShareMenuView-Demo";
				PRODUCT_NAME = "$(TARGET_NAME)";
			};
			name = Debug;
		};
		187375701F0BD9D500CEAEE6 /* Release */ = {
			isa = XCBuildConfiguration;
			baseConfigurationReference = 4945D8A7B7A692159C26FA85 /* Pods-LFY_ShareMenuView_Demo.release.xcconfig */;
			buildSettings = {
				ASSETCATALOG_COMPILER_APPICON_NAME = AppIcon;
				DEVELOPMENT_TEAM = F5XBCM7QUZ;
				INFOPLIST_FILE = LFY_ShareMenuView_Demo/Info.plist;
				LD_RUNPATH_SEARCH_PATHS = "$(inherited) @executable_path/Frameworks";
				PRODUCT_BUNDLE_IDENTIFIER = "com.cooper.dtag.LFY-ShareMenuView-Demo";
				PRODUCT_NAME = "$(TARGET_NAME)";
			};
			name = Release;
		};
		187375721F0BD9D500CEAEE6 /* Debug */ = {
			isa = XCBuildConfiguration;
			buildSettings = {
				BUNDLE_LOADER = "$(TEST_HOST)";
				INFOPLIST_FILE = LFY_ShareMenuView_DemoTests/Info.plist;
				LD_RUNPATH_SEARCH_PATHS = "$(inherited) @executable_path/Frameworks @loader_path/Frameworks";
				PRODUCT_BUNDLE_IDENTIFIER = "com.cooper.dtag.LFY-ShareMenuView-DemoTests";
				PRODUCT_NAME = "$(TARGET_NAME)";
				TEST_HOST = "$(BUILT_PRODUCTS_DIR)/LFY_ShareMenuView_Demo.app/LFY_ShareMenuView_Demo";
			};
			name = Debug;
		};
		187375731F0BD9D500CEAEE6 /* Release */ = {
			isa = XCBuildConfiguration;
			buildSettings = {
				BUNDLE_LOADER = "$(TEST_HOST)";
				INFOPLIST_FILE = LFY_ShareMenuView_DemoTests/Info.plist;
				LD_RUNPATH_SEARCH_PATHS = "$(inherited) @executable_path/Frameworks @loader_path/Frameworks";
				PRODUCT_BUNDLE_IDENTIFIER = "com.cooper.dtag.LFY-ShareMenuView-DemoTests";
				PRODUCT_NAME = "$(TARGET_NAME)";
				TEST_HOST = "$(BUILT_PRODUCTS_DIR)/LFY_ShareMenuView_Demo.app/LFY_ShareMenuView_Demo";
			};
			name = Release;
		};
		187375751F0BD9D500CEAEE6 /* Debug */ = {
			isa = XCBuildConfiguration;
			buildSettings = {
				INFOPLIST_FILE = LFY_ShareMenuView_DemoUITests/Info.plist;
				LD_RUNPATH_SEARCH_PATHS = "$(inherited) @executable_path/Frameworks @loader_path/Frameworks";
				PRODUCT_BUNDLE_IDENTIFIER = "com.cooper.dtag.LFY-ShareMenuView-DemoUITests";
				PRODUCT_NAME = "$(TARGET_NAME)";
				TEST_TARGET_NAME = LFY_ShareMenuView_Demo;
			};
			name = Debug;
		};
		187375761F0BD9D500CEAEE6 /* Release */ = {
			isa = XCBuildConfiguration;
			buildSettings = {
				INFOPLIST_FILE = LFY_ShareMenuView_DemoUITests/Info.plist;
				LD_RUNPATH_SEARCH_PATHS = "$(inherited) @executable_path/Frameworks @loader_path/Frameworks";
				PRODUCT_BUNDLE_IDENTIFIER = "com.cooper.dtag.LFY-ShareMenuView-DemoUITests";
				PRODUCT_NAME = "$(TARGET_NAME)";
				TEST_TARGET_NAME = LFY_ShareMenuView_Demo;
			};
			name = Release;
		};
/* End XCBuildConfiguration section */

/* Begin XCConfigurationList section */
		1873753C1F0BD9D500CEAEE6 /* Build configuration list for PBXProject "LFY_ShareMenuView_Demo" */ = {
			isa = XCConfigurationList;
			buildConfigurations = (
				1873756C1F0BD9D500CEAEE6 /* Debug */,
				1873756D1F0BD9D500CEAEE6 /* Release */,
			);
			defaultConfigurationIsVisible = 0;
			defaultConfigurationName = Release;
		};
		1873756E1F0BD9D500CEAEE6 /* Build configuration list for PBXNativeTarget "LFY_ShareMenuView_Demo" */ = {
			isa = XCConfigurationList;
			buildConfigurations = (
				1873756F1F0BD9D500CEAEE6 /* Debug */,
				187375701F0BD9D500CEAEE6 /* Release */,
			);
			defaultConfigurationIsVisible = 0;
			defaultConfigurationName = Release;
		};
		187375711F0BD9D500CEAEE6 /* Build configuration list for PBXNativeTarget "LFY_ShareMenuView_DemoTests" */ = {
			isa = XCConfigurationList;
			buildConfigurations = (
				187375721F0BD9D500CEAEE6 /* Debug */,
				187375731F0BD9D500CEAEE6 /* Release */,
			);
			defaultConfigurationIsVisible = 0;
			defaultConfigurationName = Release;
		};
		187375741F0BD9D500CEAEE6 /* Build configuration list for PBXNativeTarget "LFY_ShareMenuView_DemoUITests" */ = {
			isa = XCConfigurationList;
			buildConfigurations = (
				187375751F0BD9D500CEAEE6 /* Debug */,
				187375761F0BD9D500CEAEE6 /* Release */,
			);
			defaultConfigurationIsVisible = 0;
			defaultConfigurationName = Release;
		};
/* End XCConfigurationList section */
	};
	rootObject = 187375391F0BD9D500CEAEE6 /* Project object */;
}
